
Microsoft Visual Studio Solution File, Format Version 12.00
# Visual Studio Version 17
VisualStudioVersion = 17.4.33213.308
MinimumVisualStudioVersion = 10.0.40219.1
Project("{2150E333-8FDC-42A3-9474-1A3956D46DE8}") = "Studio", "Studio", "{DCC36880-8C71-4F77-B65D-17E8D0CB3E3C}"
EndProject
Project("{2150E333-8FDC-42A3-9474-1A3956D46DE8}") = "Server", "Server", "{204C7364-4BFB-459E-A7DC-D44CB082DF85}"
EndProject
Project("{2150E333-8FDC-42A3-9474-1A3956D46DE8}") = "client", "client", "{73421990-3AE0-4E07-9E48-DDB5AC39CD57}"
EndProject
Project("{2150E333-8FDC-42A3-9474-1A3956D46DE8}") = "App", "App", "{A1BADF4F-82E7-43E7-8B6D-7A23B7053F24}"
EndProject
Project("{2150E333-8FDC-42A3-9474-1A3956D46DE8}") = "client", "client", "{DB2CC06E-1A4F-4F8D-8C7F-A82F47E102B8}"
EndProject
Project("{2150E333-8FDC-42A3-9474-1A3956D46DE8}") = "Server", "Server", "{D65682D6-7E27-4DF3-972D-56AA80F8F27E}"
EndProject
Project("{2150E333-8FDC-42A3-9474-1A3956D46DE8}") = "Infrastructure", "Infrastructure", "{AAE20347-74A8-4808-AA3C-1353EBABC23E}"
EndProject
Project("{FAE04EC0-301F-11D3-BF4B-00C04F79EFBC}") = "NitroSystem.Dnn.BusinessEngine.Studio.Api", "Studio\Server\NitroSystem.Dnn.BusinessEngine.Studio.Api\NitroSystem.Dnn.BusinessEngine.Studio.Api.csproj", "{F75D86AD-7CEE-484A-B781-508B53411771}"
EndProject
Project("{FAE04EC0-301F-11D3-BF4B-00C04F79EFBC}") = "NitroSystem.Dnn.BusinessEngine.App.Web", "App\Server\NitroSystem.Dnn.BusinessEngine.App.Web\NitroSystem.Dnn.BusinessEngine.App.Web.csproj", "{F924748C-6EDA-4B2E-8088-8E3A8B7E1976}"
EndProject
Project("{E24C65DC-7377-472B-9ABA-BC803B73C61A}") = "business-engine--studio", "Studio\client\business-engine--studio\", "{A20F890F-18EF-41DB-272A-30A0208B9682}"
	ProjectSection(WebsiteProperties) = preProject
		TargetFrameworkMoniker = ".NETFramework,Version%3Dv4.8"
		Debug.AspNetCompiler.VirtualPath = "/localhost_61855"
		Debug.AspNetCompiler.PhysicalPath = "Studio\client\business-engine--studio\"
		Debug.AspNetCompiler.TargetPath = "PrecompiledWeb\localhost_61855\"
		Debug.AspNetCompiler.Updateable = "true"
		Debug.AspNetCompiler.ForceOverwrite = "true"
		Debug.AspNetCompiler.FixedNames = "false"
		Debug.AspNetCompiler.Debug = "True"
		Release.AspNetCompiler.VirtualPath = "/localhost_61855"
		Release.AspNetCompiler.PhysicalPath = "Studio\client\business-engine--studio\"
		Release.AspNetCompiler.TargetPath = "PrecompiledWeb\localhost_61855\"
		Release.AspNetCompiler.Updateable = "true"
		Release.AspNetCompiler.ForceOverwrite = "true"
		Release.AspNetCompiler.FixedNames = "false"
		Release.AspNetCompiler.Debug = "False"
		VWDPort = "61855"
		SlnRelativePath = "Studio\client\business-engine--studio\"
	EndProjectSection
EndProject
Project("{E24C65DC-7377-472B-9ABA-BC803B73C61A}") = "business-engine--app", "App\client\business-engine--app\", "{161FAC03-CD3B-5DD8-9756-94EC2CB8DBC6}"
	ProjectSection(WebsiteProperties) = preProject
		TargetFrameworkMoniker = ".NETFramework,Version%3Dv4.8"
		Debug.AspNetCompiler.VirtualPath = "/localhost_61856"
		Debug.AspNetCompiler.PhysicalPath = "App\client\business-engine--app\"
		Debug.AspNetCompiler.TargetPath = "PrecompiledWeb\localhost_61856\"
		Debug.AspNetCompiler.Updateable = "true"
		Debug.AspNetCompiler.ForceOverwrite = "true"
		Debug.AspNetCompiler.FixedNames = "false"
		Debug.AspNetCompiler.Debug = "True"
		Release.AspNetCompiler.VirtualPath = "/localhost_61856"
		Release.AspNetCompiler.PhysicalPath = "App\client\business-engine--app\"
		Release.AspNetCompiler.TargetPath = "PrecompiledWeb\localhost_61856\"
		Release.AspNetCompiler.Updateable = "true"
		Release.AspNetCompiler.ForceOverwrite = "true"
		Release.AspNetCompiler.FixedNames = "false"
		Release.AspNetCompiler.Debug = "False"
		VWDPort = "61856"
		SlnRelativePath = "App\client\business-engine--app\"
	EndProjectSection
EndProject
Project("{FAE04EC0-301F-11D3-BF4B-00C04F79EFBC}") = "NitroSystem.Dnn.BusinessEngine.App.Api", "App\Server\NitroSystem.Dnn.BusinessEngine.App.Api\NitroSystem.Dnn.BusinessEngine.App.Api.csproj", "{FC7E96C8-E92D-4243-8E36-154D8ADD0120}"
EndProject
Project("{FAE04EC0-301F-11D3-BF4B-00C04F79EFBC}") = "NitroSystem.Dnn.BusinessEngine.Studio.Engine", "Studio\Server\NitroSystem.Dnn.BusinessEngine.Studio.Engine\NitroSystem.Dnn.BusinessEngine.Studio.Engine.csproj", "{A4F5B881-F4A7-4CFE-8E82-84421FA67751}"
EndProject
Project("{2150E333-8FDC-42A3-9474-1A3956D46DE8}") = "_Solution Items", "_Solution Items", "{8EC462FD-D22E-90A8-E5CE-7E832BA40C5D}"
	ProjectSection(SolutionItems) = preProject
		.gitattributes = .gitattributes
		.gitignore = .gitignore
		AfterBuild.bat = AfterBuild.bat
		README.md = README.md
	EndProjectSection
EndProject
Project("{FAE04EC0-301F-11D3-BF4B-00C04F79EFBC}") = "NitroSystem.Dnn.BusinessEngine.Shared", "Infrastructure\NitroSystem.Dnn.BusinessEngine.Shared\NitroSystem.Dnn.BusinessEngine.Shared.csproj", "{91678844-5B48-4EE1-BDD0-CFCA92BA1924}"
EndProject
Project("{FAE04EC0-301F-11D3-BF4B-00C04F79EFBC}") = "NitroSystem.Dnn.BusinessEngine.Abstractions", "Infrastructure\NitroSystem.Dnn.BusinessEngine.Abstractions\NitroSystem.Dnn.BusinessEngine.Abstractions.csproj", "{F4C66D02-6CBE-4AFD-93E1-16C56E69E86E}"
EndProject
Project("{FAE04EC0-301F-11D3-BF4B-00C04F79EFBC}") = "NitroSystem.Dnn.BusinessEngine.App.Engine", "App\Server\NitroSystem.Dnn.BusinessEngine.App.Engine\NitroSystem.Dnn.BusinessEngine.App.Engine.csproj", "{8EF8FF3B-E365-415E-AB70-72AEBB897A40}"
EndProject
Project("{FAE04EC0-301F-11D3-BF4B-00C04F79EFBC}") = "NitroSystem.Dnn.BusinessEngine.Core", "Infrastructure\NitroSystem.Dnn.BusinessEngine.Core\NitroSystem.Dnn.BusinessEngine.Core.csproj", "{A2CAF8DA-7B01-48D1-8FD6-C6CC8E755987}"
EndProject
Project("{2150E333-8FDC-42A3-9474-1A3956D46DE8}") = "Extensions", "Extensions", "{02EA681E-C7D8-13C7-8484-4AC65E1B71E8}"
EndProject
Project("{2150E333-8FDC-42A3-9474-1A3956D46DE8}") = "BasicExtensions", "BasicExtensions", "{1A7E07AE-068E-4C20-A7FC-D8ED829A7BBC}"
EndProject
Project("{2150E333-8FDC-42A3-9474-1A3956D46DE8}") = "client", "client", "{33D1F240-D980-4647-B640-DEAAEA8BA0CE}"
EndProject
Project("{2150E333-8FDC-42A3-9474-1A3956D46DE8}") = "Server", "Server", "{13DDB089-6116-4151-AE38-AC5E98ECCA22}"
EndProject
Project("{FAE04EC0-301F-11D3-BF4B-00C04F79EFBC}") = "NitroSystem.Dnn.BusinessEngine.Extensions.BasicExtensions", "Extensions\BasicExtensions\Server\NitroSystem.Dnn.BusinessEngine.Extensions.BasicExtensions\NitroSystem.Dnn.BusinessEngine.Extensions.BasicExtensions.csproj", "{2288A8C2-8F3A-4777-B997-86AC9A00D8EB}"
EndProject
Project("{E24C65DC-7377-472B-9ABA-BC803B73C61A}") = "basic-extensions-client--app", "Extensions\BasicExtensions\client\basic-extensions-client--app\", "{5551FD86-5DF2-3A69-12E0-7F226CBD79B4}"
	ProjectSection(WebsiteProperties) = preProject
		TargetFrameworkMoniker = ".NETFramework,Version%3Dv4.8"
		Debug.AspNetCompiler.VirtualPath = "/localhost_52030"
		Debug.AspNetCompiler.PhysicalPath = "Extensions\BasicExtensions\client\basic-extensions-client--app\"
		Debug.AspNetCompiler.TargetPath = "PrecompiledWeb\localhost_52030\"
		Debug.AspNetCompiler.Updateable = "true"
		Debug.AspNetCompiler.ForceOverwrite = "true"
		Debug.AspNetCompiler.FixedNames = "false"
		Debug.AspNetCompiler.Debug = "True"
		Release.AspNetCompiler.VirtualPath = "/localhost_52030"
		Release.AspNetCompiler.PhysicalPath = "Extensions\BasicExtensions\client\basic-extensions-client--app\"
		Release.AspNetCompiler.TargetPath = "PrecompiledWeb\localhost_52030\"
		Release.AspNetCompiler.Updateable = "true"
		Release.AspNetCompiler.ForceOverwrite = "true"
		Release.AspNetCompiler.FixedNames = "false"
		Release.AspNetCompiler.Debug = "False"
		VWDPort = "52030"
		SlnRelativePath = "Extensions\BasicExtensions\client\basic-extensions-client--app\"
	EndProjectSection
EndProject
Project("{E24C65DC-7377-472B-9ABA-BC803B73C61A}") = "basic-extensions-client--studio", "Extensions\BasicExtensions\client\basic-extensions-client--studio\", "{9AF482CF-6FFB-4EBB-58CE-2757B4530C20}"
	ProjectSection(WebsiteProperties) = preProject
		TargetFrameworkMoniker = ".NETFramework,Version%3Dv4.8"
		Debug.AspNetCompiler.VirtualPath = "/localhost_52037"
		Debug.AspNetCompiler.PhysicalPath = "Extensions\BasicExtensions\client\basic-extensions-client--studio\"
		Debug.AspNetCompiler.TargetPath = "PrecompiledWeb\localhost_52037\"
		Debug.AspNetCompiler.Updateable = "true"
		Debug.AspNetCompiler.ForceOverwrite = "true"
		Debug.AspNetCompiler.FixedNames = "false"
		Debug.AspNetCompiler.Debug = "True"
		Release.AspNetCompiler.VirtualPath = "/localhost_52037"
		Release.AspNetCompiler.PhysicalPath = "Extensions\BasicExtensions\client\basic-extensions-client--studio\"
		Release.AspNetCompiler.TargetPath = "PrecompiledWeb\localhost_52037\"
		Release.AspNetCompiler.Updateable = "true"
		Release.AspNetCompiler.ForceOverwrite = "true"
		Release.AspNetCompiler.FixedNames = "false"
		Release.AspNetCompiler.Debug = "False"
		VWDPort = "52037"
		SlnRelativePath = "Extensions\BasicExtensions\client\basic-extensions-client--studio\"
	EndProjectSection
EndProject
Project("{2150E333-8FDC-42A3-9474-1A3956D46DE8}") = "Test", "Test", "{0007C4B6-9708-4859-984D-577BEEDEE799}"
EndProject
Project("{FAE04EC0-301F-11D3-BF4B-00C04F79EFBC}") = "NitroSystem.Dnn.BusinessEngine.Tests", "Test\NitroSystem.Dnn.BusinessEngine.Tests\NitroSystem.Dnn.BusinessEngine.Tests.csproj", "{2B7C9E14-4A6F-4D8B-9C3A-7F1E5D2B8A60}"
EndProject
Project("{2150E333-8FDC-42A3-9474-1A3956D46DE8}") = "DnnExtensions", "DnnExtensions", "{26FC13C4-F199-4B54-B679-B84653A4CDD7}"
EndProject
Project("{2150E333-8FDC-42A3-9474-1A3956D46DE8}") = "client", "client", "{71F10912-FA6D-4568-AB22-BD630B4D1471}"
EndProject
Project("{2150E333-8FDC-42A3-9474-1A3956D46DE8}") = "Server", "Server", "{F837A479-BD96-4B85-B151-F01F7374DB14}"
EndProject
Project("{FAE04EC0-301F-11D3-BF4B-00C04F79EFBC}") = "NitroSystem.Dnn.BusinessEngine.Extensions.DnnExtensions", "Extensions\DnnExtensions\Server\NitroSystem.Dnn.BusinessEngine.Extensions.DnnExtensions\NitroSystem.Dnn.BusinessEngine.Extensions.DnnExtensions.csproj", "{5631D3CE-0D04-47B0-9517-293ECD1B8DE0}"
EndProject
Project("{E24C65DC-7377-472B-9ABA-BC803B73C61A}") = "dnn-extensions-client--studio", "Extensions\DnnExtensions\client\dnn-extensions-client--studio\", "{888B8A23-A368-F87A-874E-5D9BFC809312}"
	ProjectSection(WebsiteProperties) = preProject
		TargetFrameworkMoniker = ".NETFramework,Version%3Dv4.8"
		Debug.AspNetCompiler.VirtualPath = "/localhost_56613"
		Debug.AspNetCompiler.PhysicalPath = "Extensions\DnnExtensions\client\dnn-extensions-client--studio\"
		Debug.AspNetCompiler.TargetPath = "PrecompiledWeb\localhost_56613\"
		Debug.AspNetCompiler.Updateable = "true"
		Debug.AspNetCompiler.ForceOverwrite = "true"
		Debug.AspNetCompiler.FixedNames = "false"
		Debug.AspNetCompiler.Debug = "True"
		Release.AspNetCompiler.VirtualPath = "/localhost_56613"
		Release.AspNetCompiler.PhysicalPath = "Extensions\DnnExtensions\client\dnn-extensions-client--studio\"
		Release.AspNetCompiler.TargetPath = "PrecompiledWeb\localhost_56613\"
		Release.AspNetCompiler.Updateable = "true"
		Release.AspNetCompiler.ForceOverwrite = "true"
		Release.AspNetCompiler.FixedNames = "false"
		Release.AspNetCompiler.Debug = "False"
		VWDPort = "56613"
		SlnRelativePath = "Extensions\DnnExtensions\client\dnn-extensions-client--studio\"
	EndProjectSection
EndProject
Project("{2150E333-8FDC-42A3-9474-1A3956D46DE8}") = "ExtraExtensions", "ExtraExtensions", "{3B04BA36-0D78-45BD-997D-DAD6352E2896}"
EndProject
Project("{2150E333-8FDC-42A3-9474-1A3956D46DE8}") = "client", "client", "{13551343-6134-4EDF-B6F7-717BBDF12682}"
EndProject
Project("{2150E333-8FDC-42A3-9474-1A3956D46DE8}") = "Server", "Server", "{8C1F52E2-FBF7-444D-90D5-CF8402048122}"
EndProject
Project("{FAE04EC0-301F-11D3-BF4B-00C04F79EFBC}") = "NitroSystem.Dnn.BusinessEngine.Extensions.ExtraExtensions", "Extensions\ExtraExtensions\Server\NitroSystem.Dnn.BusinessEngine.Extensions.ExtraExtensions\NitroSystem.Dnn.BusinessEngine.Extensions.ExtraExtensions.csproj", "{1D9894E3-FFB8-4FF7-84A8-FC6CB45A9A99}"
EndProject
Project("{E24C65DC-7377-472B-9ABA-BC803B73C61A}") = "extra-components-client--app", "Extensions\ExtraExtensions\client\extra-components-client--app\", "{9EC6A6C0-2CA6-A4A7-AC4D-2EAF3958592B}"
	ProjectSection(WebsiteProperties) = preProject
		TargetFrameworkMoniker = ".NETFramework,Version%3Dv4.8"
		Debug.AspNetCompiler.VirtualPath = "/localhost_53769"
		Debug.AspNetCompiler.PhysicalPath = "Extensions\ExtraExtensions\client\extra-components-client--app\"
		Debug.AspNetCompiler.TargetPath = "PrecompiledWeb\localhost_53769\"
		Debug.AspNetCompiler.Updateable = "true"
		Debug.AspNetCompiler.ForceOverwrite = "true"
		Debug.AspNetCompiler.FixedNames = "false"
		Debug.AspNetCompiler.Debug = "True"
		Release.AspNetCompiler.VirtualPath = "/localhost_53769"
		Release.AspNetCompiler.PhysicalPath = "Extensions\ExtraExtensions\client\extra-components-client--app\"
		Release.AspNetCompiler.TargetPath = "PrecompiledWeb\localhost_53769\"
		Release.AspNetCompiler.Updateable = "true"
		Release.AspNetCompiler.ForceOverwrite = "true"
		Release.AspNetCompiler.FixedNames = "false"
		Release.AspNetCompiler.Debug = "False"
		VWDPort = "53769"
		SlnRelativePath = "Extensions\ExtraExtensions\client\extra-components-client--app\"
	EndProjectSection
EndProject
Project("{E24C65DC-7377-472B-9ABA-BC803B73C61A}") = "extra-components-client--studio", "Extensions\ExtraExtensions\client\extra-components-client--studio\", "{507DBBA8-E5EA-681F-BE45-826CD5A538B9}"
	ProjectSection(WebsiteProperties) = preProject
		TargetFrameworkMoniker = ".NETFramework,Version%3Dv4.8"
		Debug.AspNetCompiler.VirtualPath = "/localhost_53770"
		Debug.AspNetCompiler.PhysicalPath = "Extensions\ExtraExtensions\client\extra-components-client--studio\"
		Debug.AspNetCompiler.TargetPath = "PrecompiledWeb\localhost_53770\"
		Debug.AspNetCompiler.Updateable = "true"
		Debug.AspNetCompiler.ForceOverwrite = "true"
		Debug.AspNetCompiler.FixedNames = "false"
		Debug.AspNetCompiler.Debug = "True"
		Release.AspNetCompiler.VirtualPath = "/localhost_53770"
		Release.AspNetCompiler.PhysicalPath = "Extensions\ExtraExtensions\client\extra-components-client--studio\"
		Release.AspNetCompiler.TargetPath = "PrecompiledWeb\localhost_53770\"
		Release.AspNetCompiler.Updateable = "true"
		Release.AspNetCompiler.ForceOverwrite = "true"
		Release.AspNetCompiler.FixedNames = "false"
		Release.AspNetCompiler.Debug = "False"
		VWDPort = "53770"
		SlnRelativePath = "Extensions\ExtraExtensions\client\extra-components-client--studio\"
	EndProjectSection
EndProject
Project("{2150E333-8FDC-42A3-9474-1A3956D46DE8}") = "ORM", "ORM", "{0991A001-E60E-489A-BABA-1A965C2FCC11}"
EndProject
Project("{FAE04EC0-301F-11D3-BF4B-00C04F79EFBC}") = "NitroSystem.Dnn.BusinessEngine.Repository", "Infrastructure\NitroSystem.Dnn.BusinessEngine.Repository\NitroSystem.Dnn.BusinessEngine.Repository.csproj", "{57E9A1EA-6603-4CD5-9914-5F79F60923ED}"
EndProject
Project("{FAE04EC0-301F-11D3-BF4B-00C04F79EFBC}") = "NitroSystem.Dnn.BusinessEngine.ORM.Dapper", "ORM\NitroSystem.Dnn.BusinessEngine.ORM.Dapper\NitroSystem.Dnn.BusinessEngine.ORM.Dapper.csproj", "{15E2CF1E-1960-4FF5-91B2-91D1E68C9D69}"
EndProject
Project("{FAE04EC0-301F-11D3-BF4B-00C04F79EFBC}") = "NitroSystem.Dnn.BusinessEngine.Studio.ApplicationService", "Studio\Server\NitroSystem.Dnn.BusinessEngine.Studio.ApplicationService\NitroSystem.Dnn.BusinessEngine.Studio.ApplicationService.csproj", "{1FC5279B-B157-4A01-BD60-49F42F8C3971}"
EndProject
Project("{FAE04EC0-301F-11D3-BF4B-00C04F79EFBC}") = "NitroSystem.Dnn.BusinessEngine.App.ApplicationService", "App\Server\NitroSystem.Dnn.BusinessEngine.App.ApplicationService\NitroSystem.Dnn.BusinessEngine.App.ApplicationService.csproj", "{88BEE964-C0A8-4617-B114-DD8728C40B87}"
EndProject
Global
	GlobalSection(SolutionConfigurationPlatforms) = preSolution
		Debug|Any CPU = Debug|Any CPU
		Release|Any CPU = Release|Any CPU
	EndGlobalSection
	GlobalSection(ProjectConfigurationPlatforms) = postSolution
		{F75D86AD-7CEE-484A-B781-508B53411771}.Debug|Any CPU.ActiveCfg = Debug|Any CPU
		{F75D86AD-7CEE-484A-B781-508B53411771}.Debug|Any CPU.Build.0 = Debug|Any CPU
		{F75D86AD-7CEE-484A-B781-508B53411771}.Release|Any CPU.ActiveCfg = Release|Any CPU
		{F75D86AD-7CEE-484A-B781-508B53411771}.Release|Any CPU.Build.0 = Release|Any CPU
		{F924748C-6EDA-4B2E-8088-8E3A8B7E1976}.Debug|Any CPU.ActiveCfg = Debug|Any CPU
		{F924748C-6EDA-4B2E-8088-8E3A8B7E1976}.Debug|Any CPU.Build.0 = Debug|Any CPU
		{F924748C-6EDA-4B2E-8088-8E3A8B7E1976}.Release|Any CPU.ActiveCfg = Release|Any CPU
		{F924748C-6EDA-4B2E-8088-8E3A8B7E1976}.Release|Any CPU.Build.0 = Release|Any CPU
		{A20F890F-18EF-41DB-272A-30A0208B9682}.Debug|Any CPU.ActiveCfg = Debug|Any CPU
		{A20F890F-18EF-41DB-272A-30A0208B9682}.Debug|Any CPU.Build.0 = Debug|Any CPU
		{A20F890F-18EF-41DB-272A-30A0208B9682}.Release|Any CPU.ActiveCfg = Debug|Any CPU
		{A20F890F-18EF-41DB-272A-30A0208B9682}.Release|Any CPU.Build.0 = Debug|Any CPU
		{161FAC03-CD3B-5DD8-9756-94EC2CB8DBC6}.Debug|Any CPU.ActiveCfg = Debug|Any CPU
		{161FAC03-CD3B-5DD8-9756-94EC2CB8DBC6}.Debug|Any CPU.Build.0 = Debug|Any CPU
		{161FAC03-CD3B-5DD8-9756-94EC2CB8DBC6}.Release|Any CPU.ActiveCfg = Debug|Any CPU
		{161FAC03-CD3B-5DD8-9756-94EC2CB8DBC6}.Release|Any CPU.Build.0 = Debug|Any CPU
		{FC7E96C8-E92D-4243-8E36-154D8ADD0120}.Debug|Any CPU.ActiveCfg = Debug|Any CPU
		{FC7E96C8-E92D-4243-8E36-154D8ADD0120}.Debug|Any CPU.Build.0 = Debug|Any CPU
		{FC7E96C8-E92D-4243-8E36-154D8ADD0120}.Release|Any CPU.ActiveCfg = Release|Any CPU
		{FC7E96C8-E92D-4243-8E36-154D8ADD0120}.Release|Any CPU.Build.0 = Release|Any CPU
		{A4F5B881-F4A7-4CFE-8E82-84421FA67751}.Debug|Any CPU.ActiveCfg = Debug|Any CPU
		{A4F5B881-F4A7-4CFE-8E82-84421FA67751}.Debug|Any CPU.Build.0 = Debug|Any CPU
		{A4F5B881-F4A7-4CFE-8E82-84421FA67751}.Release|Any CPU.ActiveCfg = Release|Any CPU
		{A4F5B881-F4A7-4CFE-8E82-84421FA67751}.Release|Any CPU.Build.0 = Release|Any CPU
		{91678844-5B48-4EE1-BDD0-CFCA92BA1924}.Debug|Any CPU.ActiveCfg = Debug|Any CPU
		{91678844-5B48-4EE1-BDD0-CFCA92BA1924}.Debug|Any CPU.Build.0 = Debug|Any CPU
		{91678844-5B48-4EE1-BDD0-CFCA92BA1924}.Release|Any CPU.ActiveCfg = Release|Any CPU
		{91678844-5B48-4EE1-BDD0-CFCA92BA1924}.Release|Any CPU.Build.0 = Release|Any CPU
		{F4C66D02-6CBE-4AFD-93E1-16C56E69E86E}.Debug|Any CPU.ActiveCfg = Debug|Any CPU
		{F4C66D02-6CBE-4AFD-93E1-16C56E69E86E}.Debug|Any CPU.Build.0 = Debug|Any CPU
		{F4C66D02-6CBE-4AFD-93E1-16C56E69E86E}.Release|Any CPU.ActiveCfg = Release|Any CPU
		{F4C66D02-6CBE-4AFD-93E1-16C56E69E86E}.Release|Any CPU.Build.0 = Release|Any CPU
		{8EF8FF3B-E365-415E-AB70-72AEBB897A40}.Debug|Any CPU.ActiveCfg = Debug|Any CPU
		{8EF8FF3B-E365-415E-AB70-72AEBB897A40}.Debug|Any CPU.Build.0 = Debug|Any CPU
		{8EF8FF3B-E365-415E-AB70-72AEBB897A40}.Release|Any CPU.ActiveCfg = Release|Any CPU
		{8EF8FF3B-E365-415E-AB70-72AEBB897A40}.Release|Any CPU.Build.0 = Release|Any CPU
		{A2CAF8DA-7B01-48D1-8FD6-C6CC8E755987}.Debug|Any CPU.ActiveCfg = Debug|Any CPU
		{A2CAF8DA-7B01-48D1-8FD6-C6CC8E755987}.Debug|Any CPU.Build.0 = Debug|Any CPU
		{A2CAF8DA-7B01-48D1-8FD6-C6CC8E755987}.Release|Any CPU.ActiveCfg = Release|Any CPU
		{A2CAF8DA-7B01-48D1-8FD6-C6CC8E755987}.Release|Any CPU.Build.0 = Release|Any CPU
		{2288A8C2-8F3A-4777-B997-86AC9A00D8EB}.Debug|Any CPU.ActiveCfg = Debug|Any CPU
		{2288A8C2-8F3A-4777-B997-86AC9A00D8EB}.Debug|Any CPU.Build.0 = Debug|Any CPU
		{2288A8C2-8F3A-4777-B997-86AC9A00D8EB}.Release|Any CPU.ActiveCfg = Release|Any CPU
		{2288A8C2-8F3A-4777-B997-86AC9A00D8EB}.Release|Any CPU.Build.0 = Release|Any CPU
		{5551FD86-5DF2-3A69-12E0-7F226CBD79B4}.Debug|Any CPU.ActiveCfg = Debug|Any CPU
		{5551FD86-5DF2-3A69-12E0-7F226CBD79B4}.Debug|Any CPU.Build.0 = Debug|Any CPU
		{5551FD86-5DF2-3A69-12E0-7F226CBD79B4}.Release|Any CPU.ActiveCfg = Debug|Any CPU
		{5551FD86-5DF2-3A69-12E0-7F226CBD79B4}.Release|Any CPU.Build.0 = Debug|Any CPU
		{9AF482CF-6FFB-4EBB-58CE-2757B4530C20}.Debug|Any CPU.ActiveCfg = Debug|Any CPU
		{9AF482CF-6FFB-4EBB-58CE-2757B4530C20}.Debug|Any CPU.Build.0 = Debug|Any CPU
		{9AF482CF-6FFB-4EBB-58CE-2757B4530C20}.Release|Any CPU.ActiveCfg = Debug|Any CPU
		{9AF482CF-6FFB-4EBB-58CE-2757B4530C20}.Release|Any CPU.Build.0 = Debug|Any CPU
		{2B7C9E14-4A6F-4D8B-9C3A-7F1E5D2B8A60}.Debug|Any CPU.ActiveCfg = Debug|Any CPU
		{2B7C9E14-4A6F-4D8B-9C3A-7F1E5D2B8A60}.Debug|Any CPU.Build.0 = Debug|Any CPU
		{2B7C9E14-4A6F-4D8B-9C3A-7F1E5D2B8A60}.Release|Any CPU.ActiveCfg = Release|Any CPU
		{2B7C9E14-4A6F-4D8B-9C3A-7F1E5D2B8A60}.Release|Any CPU.Build.0 = Release|Any CPU
		{5631D3CE-0D04-47B0-9517-293ECD1B8DE0}.Debug|Any CPU.ActiveCfg = Debug|Any CPU
		{5631D3CE-0D04-47B0-9517-293ECD1B8DE0}.Debug|Any CPU.Build.0 = Debug|Any CPU
		{5631D3CE-0D04-47B0-9517-293ECD1B8DE0}.Release|Any CPU.ActiveCfg = Release|Any CPU
		{5631D3CE-0D04-47B0-9517-293ECD1B8DE0}.Release|Any CPU.Build.0 = Release|Any CPU
		{888B8A23-A368-F87A-874E-5D9BFC809312}.Debug|Any CPU.ActiveCfg = Debug|Any CPU
		{888B8A23-A368-F87A-874E-5D9BFC809312}.Debug|Any CPU.Build.0 = Debug|Any CPU
		{888B8A23-A368-F87A-874E-5D9BFC809312}.Release|Any CPU.ActiveCfg = Debug|Any CPU
		{888B8A23-A368-F87A-874E-5D9BFC809312}.Release|Any CPU.Build.0 = Debug|Any CPU
		{1D9894E3-FFB8-4FF7-84A8-FC6CB45A9A99}.Debug|Any CPU.ActiveCfg = Debug|Any CPU
		{1D9894E3-FFB8-4FF7-84A8-FC6CB45A9A99}.Debug|Any CPU.Build.0 = Debug|Any CPU
		{1D9894E3-FFB8-4FF7-84A8-FC6CB45A9A99}.Release|Any CPU.ActiveCfg = Release|Any CPU
		{1D9894E3-FFB8-4FF7-84A8-FC6CB45A9A99}.Release|Any CPU.Build.0 = Release|Any CPU
		{9EC6A6C0-2CA6-A4A7-AC4D-2EAF3958592B}.Debug|Any CPU.ActiveCfg = Debug|Any CPU
		{9EC6A6C0-2CA6-A4A7-AC4D-2EAF3958592B}.Debug|Any CPU.Build.0 = Debug|Any CPU
		{9EC6A6C0-2CA6-A4A7-AC4D-2EAF3958592B}.Release|Any CPU.ActiveCfg = Debug|Any CPU
		{9EC6A6C0-2CA6-A4A7-AC4D-2EAF3958592B}.Release|Any CPU.Build.0 = Debug|Any CPU
		{507DBBA8-E5EA-681F-BE45-826CD5A538B9}.Debug|Any CPU.ActiveCfg = Debug|Any CPU
		{507DBBA8-E5EA-681F-BE45-826CD5A538B9}.Debug|Any CPU.Build.0 = Debug|Any CPU
		{507DBBA8-E5EA-681F-BE45-826CD5A538B9}.Release|Any CPU.ActiveCfg = Debug|Any CPU
		{507DBBA8-E5EA-681F-BE45-826CD5A538B9}.Release|Any CPU.Build.0 = Debug|Any CPU
		{57E9A1EA-6603-4CD5-9914-5F79F60923ED}.Debug|Any CPU.ActiveCfg = Debug|Any CPU
		{57E9A1EA-6603-4CD5-9914-5F79F60923ED}.Debug|Any CPU.Build.0 = Debug|Any CPU
		{57E9A1EA-6603-4CD5-9914-5F79F60923ED}.Release|Any CPU.ActiveCfg = Release|Any CPU
		{57E9A1EA-6603-4CD5-9914-5F79F60923ED}.Release|Any CPU.Build.0 = Release|Any CPU
		{15E2CF1E-1960-4FF5-91B2-91D1E68C9D69}.Debug|Any CPU.ActiveCfg = Debug|Any CPU
		{15E2CF1E-1960-4FF5-91B2-91D1E68C9D69}.Debug|Any CPU.Build.0 = Debug|Any CPU
		{15E2CF1E-1960-4FF5-91B2-91D1E68C9D69}.Release|Any CPU.ActiveCfg = Release|Any CPU
		{15E2CF1E-1960-4FF5-91B2-91D1E68C9D69}.Release|Any CPU.Build.0 = Release|Any CPU
		{1FC5279B-B157-4A01-BD60-49F42F8C3971}.Debug|Any CPU.ActiveCfg = Debug|Any CPU
		{1FC5279B-B157-4A01-BD60-49F42F8C3971}.Debug|Any CPU.Build.0 = Debug|Any CPU
		{1FC5279B-B157-4A01-BD60-49F42F8C3971}.Release|Any CPU.ActiveCfg = Release|Any CPU
		{1FC5279B-B157-4A01-BD60-49F42F8C3971}.Release|Any CPU.Build.0 = Release|Any CPU
		{88BEE964-C0A8-4617-B114-DD8728C40B87}.Debug|Any CPU.ActiveCfg = Debug|Any CPU
		{88BEE964-C0A8-4617-B114-DD8728C40B87}.Debug|Any CPU.Build.0 = Debug|Any CPU
		{88BEE964-C0A8-4617-B114-DD8728C40B87}.Release|Any CPU.ActiveCfg = Release|Any CPU
		{88BEE964-C0A8-4617-B114-DD8728C40B87}.Release|Any CPU.Build.0 = Release|Any CPU
	EndGlobalSection
	GlobalSection(SolutionProperties) = preSolution
		HideSolutionNode = FALSE
	EndGlobalSection
	GlobalSection(NestedProjects) = preSolution
		{204C7364-4BFB-459E-A7DC-D44CB082DF85} = {DCC36880-8C71-4F77-B65D-17E8D0CB3E3C}
		{73421990-3AE0-4E07-9E48-DDB5AC39CD57} = {DCC36880-8C71-4F77-B65D-17E8D0CB3E3C}
		{DB2CC06E-1A4F-4F8D-8C7F-A82F47E102B8} = {A1BADF4F-82E7-43E7-8B6D-7A23B7053F24}
		{D65682D6-7E27-4DF3-972D-56AA80F8F27E} = {A1BADF4F-82E7-43E7-8B6D-7A23B7053F24}
		{F75D86AD-7CEE-484A-B781-508B53411771} = {204C7364-4BFB-459E-A7DC-D44CB082DF85}
		{F924748C-6EDA-4B2E-8088-8E3A8B7E1976} = {D65682D6-7E27-4DF3-972D-56AA80F8F27E}
		{A20F890F-18EF-41DB-272A-30A0208B9682} = {73421990-3AE0-4E07-9E48-DDB5AC39CD57}
		{161FAC03-CD3B-5DD8-9756-94EC2CB8DBC6} = {DB2CC06E-1A4F-4F8D-8C7F-A82F47E102B8}
		{FC7E96C8-E92D-4243-8E36-154D8ADD0120} = {D65682D6-7E27-4DF3-972D-56AA80F8F27E}
		{A4F5B881-F4A7-4CFE-8E82-84421FA67751} = {204C7364-4BFB-459E-A7DC-D44CB082DF85}
		{91678844-5B48-4EE1-BDD0-CFCA92BA1924} = {AAE20347-74A8-4808-AA3C-1353EBABC23E}
		{F4C66D02-6CBE-4AFD-93E1-16C56E69E86E} = {AAE20347-74A8-4808-AA3C-1353EBABC23E}
		{8EF8FF3B-E365-415E-AB70-72AEBB897A40} = {D65682D6-7E27-4DF3-972D-56AA80F8F27E}
		{A2CAF8DA-7B01-48D1-8FD6-C6CC8E755987} = {AAE20347-74A8-4808-AA3C-1353EBABC23E}
		{1A7E07AE-068E-4C20-A7FC-D8ED829A7BBC} = {02EA681E-C7D8-13C7-8484-4AC65E1B71E8}
		{33D1F240-D980-4647-B640-DEAAEA8BA0CE} = {1A7E07AE-068E-4C20-A7FC-D8ED829A7BBC}
		{13DDB089-6116-4151-AE38-AC5E98ECCA22} = {1A7E07AE-068E-4C20-A7FC-D8ED829A7BBC}
		{2288A8C2-8F3A-4777-B997-86AC9A00D8EB} = {13DDB089-6116-4151-AE38-AC5E98ECCA22}
		{5551FD86-5DF2-3A69-12E0-7F226CBD79B4} = {33D1F240-D980-4647-B640-DEAAEA8BA0CE}
		{9AF482CF-6FFB-4EBB-58CE-2757B4530C20} = {33D1F240-D980-4647-B640-DEAAEA8BA0CE}
		{2B7C9E14-4A6F-4D8B-9C3A-7F1E5D2B8A60} = {0007C4B6-9708-4859-984D-577BEEDEE799}
		{26FC13C4-F199-4B54-B679-B84653A4CDD7} = {02EA681E-C7D8-13C7-8484-4AC65E1B71E8}
		{71F10912-FA6D-4568-AB22-BD630B4D1471} = {26FC13C4-F199-4B54-B679-B84653A4CDD7}
		{F837A479-BD96-4B85-B151-F01F7374DB14} = {26FC13C4-F199-4B54-B679-B84653A4CDD7}
		{5631D3CE-0D04-47B0-9517-293ECD1B8DE0} = {F837A479-BD96-4B85-B151-F01F7374DB14}
		{888B8A23-A368-F87A-874E-5D9BFC809312} = {71F10912-FA6D-4568-AB22-BD630B4D1471}
		{3B04BA36-0D78-45BD-997D-DAD6352E2896} = {02EA681E-C7D8-13C7-8484-4AC65E1B71E8}
		{13551343-6134-4EDF-B6F7-717BBDF12682} = {3B04BA36-0D78-45BD-997D-DAD6352E2896}
		{8C1F52E2-FBF7-444D-90D5-CF8402048122} = {3B04BA36-0D78-45BD-997D-DAD6352E2896}
		{1D9894E3-FFB8-4FF7-84A8-FC6CB45A9A99} = {8C1F52E2-FBF7-444D-90D5-CF8402048122}
		{9EC6A6C0-2CA6-A4A7-AC4D-2EAF3958592B} = {13551343-6134-4EDF-B6F7-717BBDF12682}
		{507DBBA8-E5EA-681F-BE45-826CD5A538B9} = {13551343-6134-4EDF-B6F7-717BBDF12682}
		{57E9A1EA-6603-4CD5-9914-5F79F60923ED} = {AAE20347-74A8-4808-AA3C-1353EBABC23E}
		{15E2CF1E-1960-4FF5-91B2-91D1E68C9D69} = {0991A001-E60E-489A-BABA-1A965C2FCC11}
		{1FC5279B-B157-4A01-BD60-49F42F8C3971} = {204C7364-4BFB-459E-A7DC-D44CB082DF85}
		{88BEE964-C0A8-4617-B114-DD8728C40B87} = {D65682D6-7E27-4DF3-972D-56AA80F8F27E}
	EndGlobalSection
	GlobalSection(ExtensibilityGlobals) = postSolution
		SolutionGuid = {B965EC00-B028-4FE7-9725-D2AECFAC2990}
	EndGlobalSection
EndGlobal
